
Microsoft Visual Studio Solution File, Format Version 12.00
# Visual Studio Version 17
VisualStudioVersion = 17.4.33213.308
MinimumVisualStudioVersion = 10.0.40219.1
Project("{FAE04EC0-301F-11D3-BF4B-00C04F79EFBC}") = "calculator", "calculator\calculator.csproj", "{44E4B358-978D-46A6-B735-615C7E66548D}"
EndProject
Global
	GlobalSection(SolutionConfigurationPlatforms) = preSolution
		Debug|Any CPU = Debug|Any CPU
		Release|Any CPU = Release|Any CPU
	EndGlobalSection
	GlobalSection(ProjectConfigurationPlatforms) = postSolution
		{44E4B358-978D-46A6-B735-615C7E66548D}.Debug|Any CPU.ActiveCfg = Debug|Any CPU
		{44E4B358-978D-46A6-B735-615C7E66548D}.Debug|Any CPU.Build.0 = Debug|Any CPU
		{44E4B358-978D-46A6-B735-615C7E66548D}.Release|Any CPU.ActiveCfg = Release|Any CPU
		{44E4B358-978D-46A6-B735-615C7E66548D}.Release|Any CPU.Build.0 = Release|Any CPU
	EndGlobalSection
	GlobalSection(SolutionProperties) = preSolution
		HideSolutionNode = FALSE
	EndGlobalSection
	GlobalSection(ExtensibilityGlobals) = postSolution
		SolutionGuid = {FCCE29F2-5B29-43DC-BDF5-E69C014A2D21}
	EndGlobalSection
EndGlobal
